
Microsoft Visual Studio Solution File, Format Version 12.00
# Visual Studio Version 17
VisualStudioVersion = 17.14.36616.10
MinimumVisualStudioVersion = 10.0.40219.1
Project("{2150E333-8FDC-42A3-9474-1A3956D46DE8}") = "AuthService", "AuthService", "{02EA681E-C7D8-13C7-8484-4AC65E1B71E8}"
EndProject
Project("{FAE04EC0-301F-11D3-BF4B-00C04F79EFBC}") = "AuthService.API", "AuthService.API\AuthService.API.csproj", "{C16E2F1C-37F7-4A3B-A014-9E336F088624}"
EndProject
Project("{FAE04EC0-301F-11D3-BF4B-00C04F79EFBC}") = "AuthService.Application", "AuthService.Application\AuthService.Application.csproj", "{44D68D8D-E651-4AA3-B7BF-1F428F71FFF1}"
EndProject
Project("{FAE04EC0-301F-11D3-BF4B-00C04F79EFBC}") = "AuthService.Domain", "AuthService.Domain\AuthService.Domain.csproj", "{A1A537E1-6B8E-4B60-9951-2A1CC7B859C1}"
EndProject
Project("{FAE04EC0-301F-11D3-BF4B-00C04F79EFBC}") = "AuthService.Infrastructure", "AuthService.Infrastructure\AuthService.Infrastructure.csproj", "{7C74ADA7-5FAD-4BEB-9F82-7C6B55E6AB7C}"
EndProject
Project("{2150E333-8FDC-42A3-9474-1A3956D46DE8}") = "APIGetway", "APIGetway", "{D603B9BA-B745-4AE6-9C3D-6CDB13FE7B5E}"
EndProject
Project("{FAE04EC0-301F-11D3-BF4B-00C04F79EFBC}") = "APIGetway", "APIGetway\APIGetway.csproj", "{4541DF36-2ACE-4E0F-8E86-2FB7AFF6F4D0}"
EndProject
Global
	GlobalSection(SolutionConfigurationPlatforms) = preSolution
		Debug|Any CPU = Debug|Any CPU
		Release|Any CPU = Release|Any CPU
	EndGlobalSection
	GlobalSection(ProjectConfigurationPlatforms) = postSolution
		{C16E2F1C-37F7-4A3B-A014-9E336F088624}.Debug|Any CPU.ActiveCfg = Debug|Any CPU
		{C16E2F1C-37F7-4A3B-A014-9E336F088624}.Debug|Any CPU.Build.0 = Debug|Any CPU
		{C16E2F1C-37F7-4A3B-A014-9E336F088624}.Release|Any CPU.ActiveCfg = Release|Any CPU
		{C16E2F1C-37F7-4A3B-A014-9E336F088624}.Release|Any CPU.Build.0 = Release|Any CPU
		{44D68D8D-E651-4AA3-B7BF-1F428F71FFF1}.Debug|Any CPU.ActiveCfg = Debug|Any CPU
		{44D68D8D-E651-4AA3-B7BF-1F428F71FFF1}.Debug|Any CPU.Build.0 = Debug|Any CPU
		{44D68D8D-E651-4AA3-B7BF-1F428F71FFF1}.Release|Any CPU.ActiveCfg = Release|Any CPU
		{44D68D8D-E651-4AA3-B7BF-1F428F71FFF1}.Release|Any CPU.Build.0 = Release|Any CPU
		{A1A537E1-6B8E-4B60-9951-2A1CC7B859C1}.Debug|Any CPU.ActiveCfg = Debug|Any CPU
		{A1A537E1-6B8E-4B60-9951-2A1CC7B859C1}.Debug|Any CPU.Build.0 = Debug|Any CPU
		{A1A537E1-6B8E-4B60-9951-2A1CC7B859C1}.Release|Any CPU.ActiveCfg = Release|Any CPU
		{A1A537E1-6B8E-4B60-9951-2A1CC7B859C1}.Release|Any CPU.Build.0 = Release|Any CPU
		{7C74ADA7-5FAD-4BEB-9F82-7C6B55E6AB7C}.Debug|Any CPU.ActiveCfg = Debug|Any CPU
		{7C74ADA7-5FAD-4BEB-9F82-7C6B55E6AB7C}.Debug|Any CPU.Build.0 = Debug|Any CPU
		{7C74ADA7-5FAD-4BEB-9F82-7C6B55E6AB7C}.Release|Any CPU.ActiveCfg = Release|Any CPU
		{7C74ADA7-5FAD-4BEB-9F82-7C6B55E6AB7C}.Release|Any CPU.Build.0 = Release|Any CPU
		{4541DF36-2ACE-4E0F-8E86-2FB7AFF6F4D0}.Debug|Any CPU.ActiveCfg = Debug|Any CPU
		{4541DF36-2ACE-4E0F-8E86-2FB7AFF6F4D0}.Debug|Any CPU.Build.0 = Debug|Any CPU
		{4541DF36-2ACE-4E0F-8E86-2FB7AFF6F4D0}.Release|Any CPU.ActiveCfg = Release|Any CPU
		{4541DF36-2ACE-4E0F-8E86-2FB7AFF6F4D0}.Release|Any CPU.Build.0 = Release|Any CPU
	EndGlobalSection
	GlobalSection(SolutionProperties) = preSolution
		HideSolutionNode = FALSE
	EndGlobalSection
	GlobalSection(NestedProjects) = preSolution
		{C16E2F1C-37F7-4A3B-A014-9E336F088624} = {02EA681E-C7D8-13C7-8484-4AC65E1B71E8}
		{44D68D8D-E651-4AA3-B7BF-1F428F71FFF1} = {02EA681E-C7D8-13C7-8484-4AC65E1B71E8}
		{A1A537E1-6B8E-4B60-9951-2A1CC7B859C1} = {02EA681E-C7D8-13C7-8484-4AC65E1B71E8}
		{7C74ADA7-5FAD-4BEB-9F82-7C6B55E6AB7C} = {02EA681E-C7D8-13C7-8484-4AC65E1B71E8}
		{4541DF36-2ACE-4E0F-8E86-2FB7AFF6F4D0} = {D603B9BA-B745-4AE6-9C3D-6CDB13FE7B5E}
	EndGlobalSection
	GlobalSection(ExtensibilityGlobals) = postSolution
		SolutionGuid = {7FF31430-DB2B-4359-90EF-88D30293613E}
	EndGlobalSection
EndGlobal
